
Microsoft Visual Studio Solution File, Format Version 12.00
# Visual Studio Version 17
VisualStudioVersion = 17.6.33829.357
MinimumVisualStudioVersion = 10.0.40219.1
Project("{FAE04EC0-301F-11D3-BF4B-00C04F79EFBC}") = "spfx-middleware-apis", "spfx-middleware-apis.csproj", "{8E652D24-1709-4658-A79F-64F1FA57487F}"
EndProject
Global
	GlobalSection(SolutionConfigurationPlatforms) = preSolution
		Debug|Any CPU = Debug|Any CPU
		Release|Any CPU = Release|Any CPU
	EndGlobalSection
	GlobalSection(ProjectConfigurationPlatforms) = postSolution
		{8E652D24-1709-4658-A79F-64F1FA57487F}.Debug|Any CPU.ActiveCfg = Debug|Any CPU
		{8E652D24-1709-4658-A79F-64F1FA57487F}.Debug|Any CPU.Build.0 = Debug|Any CPU
		{8E652D24-1709-4658-A79F-64F1FA57487F}.Release|Any CPU.ActiveCfg = Release|Any CPU
		{8E652D24-1709-4658-A79F-64F1FA57487F}.Release|Any CPU.Build.0 = Release|Any CPU
	EndGlobalSection
	GlobalSection(SolutionProperties) = preSolution
		HideSolutionNode = FALSE
	EndGlobalSection
	GlobalSection(ExtensibilityGlobals) = postSolution
		SolutionGuid = {BC431507-14A5-4D99-B8F6-AA6C13A44684}
	EndGlobalSection
EndGlobal
