
Microsoft Visual Studio Solution File, Format Version 12.00
# Visual Studio Version 16
VisualStudioVersion = 16.0.31424.327
MinimumVisualStudioVersion = 10.0.40219.1
Project("{FAE04EC0-301F-11D3-BF4B-00C04F79EFBC}") = "Contoso.Orders.FunctionApp", "Contoso.Orders.FunctionApp.csproj", "{2E91631F-6576-4375-82CE-DD9CD4ED631F}"
EndProject
Global
	GlobalSection(SolutionConfigurationPlatforms) = preSolution
		Debug|Any CPU = Debug|Any CPU
		Release|Any CPU = Release|Any CPU
	EndGlobalSection
	GlobalSection(ProjectConfigurationPlatforms) = postSolution
		{2E91631F-6576-4375-82CE-DD9CD4ED631F}.Debug|Any CPU.ActiveCfg = Debug|Any CPU
		{2E91631F-6576-4375-82CE-DD9CD4ED631F}.Debug|Any CPU.Build.0 = Debug|Any CPU
		{2E91631F-6576-4375-82CE-DD9CD4ED631F}.Release|Any CPU.ActiveCfg = Release|Any CPU
		{2E91631F-6576-4375-82CE-DD9CD4ED631F}.Release|Any CPU.Build.0 = Release|Any CPU
	EndGlobalSection
	GlobalSection(SolutionProperties) = preSolution
		HideSolutionNode = FALSE
	EndGlobalSection
	GlobalSection(ExtensibilityGlobals) = postSolution
		SolutionGuid = {51DAB78E-A88B-4896-9A49-A828FCD52942}
	EndGlobalSection
EndGlobal
