
Microsoft Visual Studio Solution File, Format Version 12.00
# Visual Studio Version 17
VisualStudioVersion = 17.7.34302.85
MinimumVisualStudioVersion = 10.0.40219.1
Project("{FAE04EC0-301F-11D3-BF4B-00C04F79EFBC}") = "ace-expense-report-backend", "ace-expense-report-backend.csproj", "{DD1E46DB-B93D-4379-834B-719D5EA9EF9D}"
EndProject
Global
	GlobalSection(SolutionConfigurationPlatforms) = preSolution
		Debug|Any CPU = Debug|Any CPU
		Release|Any CPU = Release|Any CPU
	EndGlobalSection
	GlobalSection(ProjectConfigurationPlatforms) = postSolution
		{DD1E46DB-B93D-4379-834B-719D5EA9EF9D}.Debug|Any CPU.ActiveCfg = Debug|Any CPU
		{DD1E46DB-B93D-4379-834B-719D5EA9EF9D}.Debug|Any CPU.Build.0 = Debug|Any CPU
		{DD1E46DB-B93D-4379-834B-719D5EA9EF9D}.Release|Any CPU.ActiveCfg = Release|Any CPU
		{DD1E46DB-B93D-4379-834B-719D5EA9EF9D}.Release|Any CPU.Build.0 = Release|Any CPU
	EndGlobalSection
	GlobalSection(SolutionProperties) = preSolution
		HideSolutionNode = FALSE
	EndGlobalSection
	GlobalSection(ExtensibilityGlobals) = postSolution
		SolutionGuid = {08D10B3C-AFA3-4CA8-AF32-4384345EA1CE}
	EndGlobalSection
EndGlobal
