
Microsoft Visual Studio Solution File, Format Version 12.00
# Visual Studio Version 17
VisualStudioVersion = 17.6.33829.357
MinimumVisualStudioVersion = 10.0.40219.1
Project("{FAE04EC0-301F-11D3-BF4B-00C04F79EFBC}") = "PnP.Ace.ExpenseReport.Backend", "PnP.Ace.ExpenseReport.Backend.csproj", "{EA8FAB28-468B-40F7-A929-13D49B1CEA01}"
EndProject
Global
	GlobalSection(SolutionConfigurationPlatforms) = preSolution
		Debug|Any CPU = Debug|Any CPU
		Release|Any CPU = Release|Any CPU
	EndGlobalSection
	GlobalSection(ProjectConfigurationPlatforms) = postSolution
		{EA8FAB28-468B-40F7-A929-13D49B1CEA01}.Debug|Any CPU.ActiveCfg = Debug|Any CPU
		{EA8FAB28-468B-40F7-A929-13D49B1CEA01}.Debug|Any CPU.Build.0 = Debug|Any CPU
		{EA8FAB28-468B-40F7-A929-13D49B1CEA01}.Release|Any CPU.ActiveCfg = Release|Any CPU
		{EA8FAB28-468B-40F7-A929-13D49B1CEA01}.Release|Any CPU.Build.0 = Release|Any CPU
	EndGlobalSection
	GlobalSection(SolutionProperties) = preSolution
		HideSolutionNode = FALSE
	EndGlobalSection
	GlobalSection(ExtensibilityGlobals) = postSolution
		SolutionGuid = {81A96237-696F-4C22-9981-FAED1ADD38E1}
	EndGlobalSection
EndGlobal
